
Microsoft Visual Studio Solution File, Format Version 12.00
# Visual Studio Version 16
VisualStudioVersion = 16.0.30503.244
MinimumVisualStudioVersion = 10.0.40219.1
Project("{FAE04EC0-301F-11D3-BF4B-00C04F79EFBC}") = "Intarfaces", "Intarfaces\Intarfaces.csproj", "{5D84BE75-F3F2-454E-93AF-10605900FAA5}"
EndProject
Global
	GlobalSection(SolutionConfigurationPlatforms) = preSolution
		Debug|Any CPU = Debug|Any CPU
		Release|Any CPU = Release|Any CPU
	EndGlobalSection
	GlobalSection(ProjectConfigurationPlatforms) = postSolution
		{5D84BE75-F3F2-454E-93AF-10605900FAA5}.Debug|Any CPU.ActiveCfg = Debug|Any CPU
		{5D84BE75-F3F2-454E-93AF-10605900FAA5}.Debug|Any CPU.Build.0 = Debug|Any CPU
		{5D84BE75-F3F2-454E-93AF-10605900FAA5}.Release|Any CPU.ActiveCfg = Release|Any CPU
		{5D84BE75-F3F2-454E-93AF-10605900FAA5}.Release|Any CPU.Build.0 = Release|Any CPU
	EndGlobalSection
	GlobalSection(SolutionProperties) = preSolution
		HideSolutionNode = FALSE
	EndGlobalSection
	GlobalSection(ExtensibilityGlobals) = postSolution
		SolutionGuid = {5D29F8D1-096B-432F-B468-54C7BB84EFE7}
	EndGlobalSection
EndGlobal
